// !$*UTF8*$!
{
	archiveVersion = 1;
	classes = {
	};
	objectVersion = 50;
	objects = {

/* Begin PBXBuildFile section */
		52407E4F245EB26E001A7707 /* AppDelegate.swift in Sources */ = {isa = PBXBuildFile; fileRef = 52407E4E245EB26E001A7707 /* AppDelegate.swift */; };
		52407E51245EB26E001A7707 /* SceneDelegate.swift in Sources */ = {isa = PBXBuildFile; fileRef = 52407E50245EB26E001A7707 /* SceneDelegate.swift */; };
		52407E53245EB26E001A7707 /* ContentView.swift in Sources */ = {isa = PBXBuildFile; fileRef = 52407E52245EB26E001A7707 /* ContentView.swift */; };
		52407E55245EB273001A7707 /* Assets.xcassets in Resources */ = {isa = PBXBuildFile; fileRef = 52407E54245EB273001A7707 /* Assets.xcassets */; };
		52407E58245EB273001A7707 /* Preview Assets.xcassets in Resources */ = {isa = PBXBuildFile; fileRef = 52407E57245EB273001A7707 /* Preview Assets.xcassets */; };
		52407E5B245EB273001A7707 /* LaunchScreen.storyboard in Resources */ = {isa = PBXBuildFile; fileRef = 52407E59245EB273001A7707 /* LaunchScreen.storyboard */; };
		52407E65245EB5B2001A7707 /* TimerData.swift in Sources */ = {isa = PBXBuildFile; fileRef = 52407E64245EB5B2001A7707 /* TimerData.swift */; };
		52407E67245EB921001A7707 /* SecondView.swift in Sources */ = {isa = PBXBuildFile; fileRef = 52407E66245EB921001A7707 /* SecondView.swift */; };
/* End PBXBuildFile section */

/* Begin PBXFileReference section */
		52407E4B245EB26E001A7707 /* ObservableDemo.app */ = {isa = PBXFileReference; explicitFileType = wrapper.application; includeInIndex = 0; path = ObservableDemo.app; sourceTree = BUILT_PRODUCTS_DIR; };
		52407E4E245EB26E001A7707 /* AppDelegate.swift */ = {isa = PBXFileReference; lastKnownFileType = sourcecode.swift; path = AppDelegate.swift; sourceTree = "<group>"; };
		52407E50245EB26E001A7707 /* SceneDelegate.swift */ = {isa = PBXFileReference; lastKnownFileType = sourcecode.swift; path = SceneDelegate.swift; sourceTree = "<group>"; };
		52407E52245EB26E001A7707 /* ContentView.swift */ = {isa = PBXFileReference; lastKnownFileType = sourcecode.swift; path = ContentView.swift; sourceTree = "<group>"; };
		52407E54245EB273001A7707 /* Assets.xcassets */ = {isa = PBXFileReference; lastKnownFileType = folder.assetcatalog; path = Assets.xcassets; sourceTree = "<group>"; };
		52407E57245EB273001A7707 /* Preview Assets.xcassets */ = {isa = PBXFileReference; lastKnownFileType = folder.assetcatalog; path = "Preview Assets.xcassets"; sourceTree = "<group>"; };
		52407E5A245EB273001A7707 /* Base */ = {isa = PBXFileReference; lastKnownFileType = file.storyboard; name = Base; path = Base.lproj/LaunchScreen.storyboard; sourceTree = "<group>"; };
		52407E5C245EB273001A7707 /* Info.plist */ = {isa = PBXFileReference; lastKnownFileType = text.plist.xml; path = Info.plist; sourceTree = "<group>"; };
		52407E64245EB5B2001A7707 /* TimerData.swift */ = {isa = PBXFileReference; lastKnownFileType = sourcecode.swift; path = TimerData.swift; sourceTree = "<group>"; };
		52407E66245EB921001A7707 /* SecondView.swift */ = {isa = PBXFileReference; lastKnownFileType = sourcecode.swift; path = SecondView.swift; sourceTree = "<group>"; };
/* End PBXFileReference section */

/* Begin PBXFrameworksBuildPhase section */
		52407E48245EB26E001A7707 /* Frameworks */ = {
			isa = PBXFrameworksBuildPhase;
			buildActionMask = 2147483647;
			files = (
			);
			runOnlyForDeploymentPostprocessing = 0;
		};
/* End PBXFrameworksBuildPhase section */

/* Begin PBXGroup section */
		52407E42245EB26E001A7707 = {
			isa = PBXGroup;
			children = (
				52407E4D245EB26E001A7707 /* ObservableDemo */,
				52407E4C245EB26E001A7707 /* Products */,
			);
			sourceTree = "<group>";
		};
		52407E4C245EB26E001A7707 /* Products */ = {
			isa = PBXGroup;
			children = (
				52407E4B245EB26E001A7707 /* ObservableDemo.app */,
			);
			name = Products;
			sourceTree = "<group>";
		};
		52407E4D245EB26E001A7707 /* ObservableDemo */ = {
			isa = PBXGroup;
			children = (
				52407E4E245EB26E001A7707 /* AppDelegate.swift */,
				52407E50245EB26E001A7707 /* SceneDelegate.swift */,
				52407E52245EB26E001A7707 /* ContentView.swift */,
				52407E54245EB273001A7707 /* Assets.xcassets */,
				52407E59245EB273001A7707 /* LaunchScreen.storyboard */,
				52407E5C245EB273001A7707 /* Info.plist */,
				52407E56245EB273001A7707 /* Preview Content */,
				52407E64245EB5B2001A7707 /* TimerData.swift */,
				52407E66245EB921001A7707 /* SecondView.swift */,
			);
			path = ObservableDemo;
			sourceTree = "<group>";
		};
		52407E56245EB273001A7707 /* Preview Content */ = {
			isa = PBXGroup;
			children = (
				52407E57245EB273001A7707 /* Preview Assets.xcassets */,
			);
			path = "Preview Content";
			sourceTree = "<group>";
		};
/* End PBXGroup section */

/* Begin PBXNativeTarget section */
		52407E4A245EB26E001A7707 /* ObservableDemo */ = {
			isa = PBXNativeTarget;
			buildConfigurationList = 52407E5F245EB273001A7707 /* Build configuration list for PBXNativeTarget "ObservableDemo" */;
			buildPhases = (
				52407E47245EB26E001A7707 /* Sources */,
				52407E48245EB26E001A7707 /* Frameworks */,
				52407E49245EB26E001A7707 /* Resources */,
			);
			buildRules = (
			);
			dependencies = (
			);
			name = ObservableDemo;
			productName = ObservableDemo;
			productReference = 52407E4B245EB26E001A7707 /* ObservableDemo.app */;
			productType = "com.apple.product-type.application";
		};
/* End PBXNativeTarget section */

/* Begin PBXProject section */
		52407E43245EB26E001A7707 /* Project object */ = {
			isa = PBXProject;
			attributes = {
				LastSwiftUpdateCheck = 1140;
				LastUpgradeCheck = 1140;
				ORGANIZATIONNAME = "김현지";
				TargetAttributes = {
					52407E4A245EB26E001A7707 = {
						CreatedOnToolsVersion = 11.4.1;
					};
				};
			};
			buildConfigurationList = 52407E46245EB26E001A7707 /* Build configuration list for PBXProject "ObservableDemo" */;
			compatibilityVersion = "Xcode 9.3";
			developmentRegion = en;
			hasScannedForEncodings = 0;
			knownRegions = (
				en,
				Base,
			);
			mainGroup = 52407E42245EB26E001A7707;
			productRefGroup = 52407E4C245EB26E001A7707 /* Products */;
			projectDirPath = "";
			projectRoot = "";
			targets = (
				52407E4A245EB26E001A7707 /* ObservableDemo */,
			);
		};
/* End PBXProject section */

/* Begin PBXResourcesBuildPhase section */
		52407E49245EB26E001A7707 /* Resources */ = {
			isa = PBXResourcesBuildPhase;
			buildActionMask = 2147483647;
			files = (
				52407E5B245EB273001A7707 /* LaunchScreen.storyboard in Resources */,
				52407E58245EB273001A7707 /* Preview Assets.xcassets in Resources */,
				52407E55245EB273001A7707 /* Assets.xcassets in Resources */,
			);
			runOnlyForDeploymentPostprocessing = 0;
		};
/* End PBXResourcesBuildPhase section */

/* Begin PBXSourcesBuildPhase section */
		52407E47245EB26E001A7707 /* Sources */ = {
			isa = PBXSourcesBuildPhase;
			buildActionMask = 2147483647;
			files = (
				52407E4F245EB26E001A7707 /* AppDelegate.swift in Sources */,
				52407E67245EB921001A7707 /* SecondView.swift in Sources */,
				52407E65245EB5B2001A7707 /* TimerData.swift in Sources */,
				52407E51245EB26E001A7707 /* SceneDelegate.swift in Sources */,
				52407E53245EB26E001A7707 /* ContentView.swift in Sources */,
			);
			runOnlyForDeploymentPostprocessing = 0;
		};
/* End PBXSourcesBuildPhase section */

/* Begin PBXVariantGroup section */
		52407E59245EB273001A7707 /* LaunchScreen.storyboard */ = {
			isa = PBXVariantGroup;
			children = (
				52407E5A245EB273001A7707 /* Base */,
			);
			name = LaunchScreen.storyboard;
			sourceTree = "<group>";
		};
/* End PBXVariantGroup section */

/* Begin XCBuildConfiguration section */
		52407E5D245EB273001A7707 /* Debug */ = {
			isa = XCBuildConfiguration;
			buildSettings = {
				ALWAYS_SEARCH_USER_PATHS = NO;
				CLANG_ANALYZER_NONNULL = YES;
				CLANG_ANALYZER_NUMBER_OBJECT_CONVERSION = YES_AGGRESSIVE;
				CLANG_CXX_LANGUAGE_STANDARD = "gnu++14";
				CLANG_CXX_LIBRARY = "libc++";
				CLANG_ENABLE_MODULES = YES;
				CLANG_ENABLE_OBJC_ARC = YES;
				CLANG_ENABLE_OBJC_WEAK = YES;
				CLANG_WARN_BLOCK_CAPTURE_AUTORELEASING = YES;
				CLANG_WARN_BOOL_CONVERSION = YES;
				CLANG_WARN_COMMA = YES;
				CLANG_WARN_CONSTANT_CONVERSION = YES;
				CLANG_WARN_DEPRECATED_OBJC_IMPLEMENTATIONS = YES;
				CLANG_WARN_DIRECT_OBJC_ISA_USAGE = YES_ERROR;
				CLANG_WARN_DOCUMENTATION_COMMENTS = YES;
				CLANG_WARN_EMPTY_BODY = YES;
				CLANG_WARN_ENUM_CONVERSION = YES;
				CLANG_WARN_INFINITE_RECURSION = YES;
				CLANG_WARN_INT_CONVERSION = YES;
				CLANG_WARN_NON_LITERAL_NULL_CONVERSION = YES;
				CLANG_WARN_OBJC_IMPLICIT_RETAIN_SELF = YES;
				CLANG_WARN_OBJC_LITERAL_CONVERSION = YES;
				CLANG_WARN_OBJC_ROOT_CLASS = YES_ERROR;
				CLANG_WARN_RANGE_LOOP_ANALYSIS = YES;
				CLANG_WARN_STRICT_PROTOTYPES = YES;
				CLANG_WARN_SUSPICIOUS_MOVE = YES;
				CLANG_WARN_UNGUARDED_AVAILABILITY = YES_AGGRESSIVE;
				CLANG_WARN_UNREACHABLE_CODE = YES;
				CLANG_WARN__DUPLICATE_METHOD_MATCH = YES;
				COPY_PHASE_STRIP = NO;
				DEBUG_INFORMATION_FORMAT = dwarf;
				ENABLE_STRICT_OBJC_MSGSEND = YES;
				ENABLE_TESTABILITY = YES;
				GCC_C_LANGUAGE_STANDARD = gnu11;
				GCC_DYNAMIC_NO_PIC = NO;
				GCC_NO_COMMON_BLOCKS = YES;
				GCC_OPTIMIZATION_LEVEL = 0;
				GCC_PREPROCESSOR_DEFINITIONS = (
					"DEBUG=1",
					"$(inherited)",
				);
				GCC_WARN_64_TO_32_BIT_CONVERSION = YES;
				GCC_WARN_ABOUT_RETURN_TYPE = YES_ERROR;
				GCC_WARN_UNDECLARED_SELECTOR = YES;
				GCC_WARN_UNINITIALIZED_AUTOS = YES_AGGRESSIVE;
				GCC_WARN_UNUSED_FUNCTION = YES;
				GCC_WARN_UNUSED_VARIABLE = YES;
				IPHONEOS_DEPLOYMENT_TARGET = 13.4;
				MTL_ENABLE_DEBUG_INFO = INCLUDE_SOURCE;
				MTL_FAST_MATH = YES;
				ONLY_ACTIVE_ARCH = YES;
				SDKROOT = iphoneos;
				SWIFT_ACTIVE_COMPILATION_CONDITIONS = DEBUG;
				SWIFT_OPTIMIZATION_LEVEL = "-Onone";
			};
			name = Debug;
		};
		52407E5E245EB273001A7707 /* Release */ = {
			isa = XCBuildConfiguration;
			buildSettings = {
				ALWAYS_SEARCH_USER_PATHS = NO;
				CLANG_ANALYZER_NONNULL = YES;
				CLANG_ANALYZER_NUMBER_OBJECT_CONVERSION = YES_AGGRESSIVE;
				CLANG_CXX_LANGUAGE_STANDARD = "gnu++14";
				CLANG_CXX_LIBRARY = "libc++";
				CLANG_ENABLE_MODULES = YES;
				CLANG_ENABLE_OBJC_ARC = YES;
				CLANG_ENABLE_OBJC_WEAK = YES;
				CLANG_WARN_BLOCK_CAPTURE_AUTORELEASING = YES;
				CLANG_WARN_BOOL_CONVERSION = YES;
				CLANG_WARN_COMMA = YES;
				CLANG_WARN_CONSTANT_CONVERSION = YES;
				CLANG_WARN_DEPRECATED_OBJC_IMPLEMENTATIONS = YES;
				CLANG_WARN_DIRECT_OBJC_ISA_USAGE = YES_ERROR;
				CLANG_WARN_DOCUMENTATION_COMMENTS = YES;
				CLANG_WARN_EMPTY_BODY = YES;
				CLANG_WARN_ENUM_CONVERSION = YES;
				CLANG_WARN_INFINITE_RECURSION = YES;
				CLANG_WARN_INT_CONVERSION = YES;
				CLANG_WARN_NON_LITERAL_NULL_CONVERSION = YES;
				CLANG_WARN_OBJC_IMPLICIT_RETAIN_SELF = YES;
				CLANG_WARN_OBJC_LITERAL_CONVERSION = YES;
				CLANG_WARN_OBJC_ROOT_CLASS = YES_ERROR;
				CLANG_WARN_RANGE_LOOP_ANALYSIS = YES;
				CLANG_WARN_STRICT_PROTOTYPES = YES;
				CLANG_WARN_SUSPICIOUS_MOVE = YES;
				CLANG_WARN_UNGUARDED_AVAILABILITY = YES_AGGRESSIVE;
				CLANG_WARN_UNREACHABLE_CODE = YES;
				CLANG_WARN__DUPLICATE_METHOD_MATCH = YES;
				COPY_PHASE_STRIP = NO;
				DEBUG_INFORMATION_FORMAT = "dwarf-with-dsym";
				ENABLE_NS_ASSERTIONS = NO;
				ENABLE_STRICT_OBJC_MSGSEND = YES;
				GCC_C_LANGUAGE_STANDARD = gnu11;
				GCC_NO_COMMON_BLOCKS = YES;
				GCC_WARN_64_TO_32_BIT_CONVERSION = YES;
				GCC_WARN_ABOUT_RETURN_TYPE = YES_ERROR;
				GCC_WARN_UNDECLARED_SELECTOR = YES;
				GCC_WARN_UNINITIALIZED_AUTOS = YES_AGGRESSIVE;
				GCC_WARN_UNUSED_FUNCTION = YES;
				GCC_WARN_UNUSED_VARIABLE = YES;
				IPHONEOS_DEPLOYMENT_TARGET = 13.4;
				MTL_ENABLE_DEBUG_INFO = NO;
				MTL_FAST_MATH = YES;
				SDKROOT = iphoneos;
				SWIFT_COMPILATION_MODE = wholemodule;
				SWIFT_OPTIMIZATION_LEVEL = "-O";
				VALIDATE_PRODUCT = YES;
			};
			name = Release;
		};
		52407E60245EB273001A7707 /* Debug */ = {
			isa = XCBuildConfiguration;
			buildSettings = {
				ASSETCATALOG_COMPILER_APPICON_NAME = AppIcon;
				CODE_SIGN_STYLE = Automatic;
				DEVELOPMENT_ASSET_PATHS = "\"ObservableDemo/Preview Content\"";
				DEVELOPMENT_TEAM = CYJWF25337;
				ENABLE_PREVIEWS = YES;
				INFOPLIST_FILE = ObservableDemo/Info.plist;
				LD_RUNPATH_SEARCH_PATHS = (
					"$(inherited)",
					"@executable_path/Frameworks",
				);
				PRODUCT_BUNDLE_IDENTIFIER = com.hyunji.ObservableDemo;
				PRODUCT_NAME = "$(TARGET_NAME)";
				SWIFT_VERSION = 5.0;
				TARGETED_DEVICE_FAMILY = "1,2";
			};
			name = Debug;
		};
		52407E61245EB273001A7707 /* Release */ = {
			isa = XCBuildConfiguration;
			buildSettings = {
				ASSETCATALOG_COMPILER_APPICON_NAME = AppIcon;
				CODE_SIGN_STYLE = Automatic;
				DEVELOPMENT_ASSET_PATHS = "\"ObservableDemo/Preview Content\"";
				DEVELOPMENT_TEAM = CYJWF25337;
				ENABLE_PREVIEWS = YES;
				INFOPLIST_FILE = ObservableDemo/Info.plist;
				LD_RUNPATH_SEARCH_PATHS = (
					"$(inherited)",
					"@executable_path/Frameworks",
				);
				PRODUCT_BUNDLE_IDENTIFIER = com.hyunji.ObservableDemo;
				PRODUCT_NAME = "$(TARGET_NAME)";
				SWIFT_VERSION = 5.0;
				TARGETED_DEVICE_FAMILY = "1,2";
			};
			name = Release;
		};
/* End XCBuildConfiguration section */

/* Begin XCConfigurationList section */
		52407E46245EB26E001A7707 /* Build configuration list for PBXProject "ObservableDemo" */ = {
			isa = XCConfigurationList;
			buildConfigurations = (
				52407E5D245EB273001A7707 /* Debug */,
				52407E5E245EB273001A7707 /* Release */,
			);
			defaultConfigurationIsVisible = 0;
			defaultConfigurationName = Release;
		};
		52407E5F245EB273001A7707 /* Build configuration list for PBXNativeTarget "ObservableDemo" */ = {
			isa = XCConfigurationList;
			buildConfigurations = (
				52407E60245EB273001A7707 /* Debug */,
				52407E61245EB273001A7707 /* Release */,
			);
			defaultConfigurationIsVisible = 0;
			defaultConfigurationName = Release;
		};
/* End XCConfigurationList section */
	};
	rootObject = 52407E43245EB26E001A7707 /* Project object */;
}
